
Microsoft Visual Studio Solution File, Format Version 12.00
# Visual Studio Version 16
VisualStudioVersion = 16.0.28711.60
MinimumVisualStudioVersion = 10.0.40219.1
Project("{9A19103F-16F7-4668-BE54-9A1E7A4F7556}") = "CAS", "CAS.csproj", "{B33B01B9-6672-4C9A-9FF2-A7BD201D076B}"
EndProject
Project("{FAE04EC0-301F-11D3-BF4B-00C04F79EFBC}") = "CAS.DAL", "..\DataLayer\CAS.DAL.csproj", "{55AA4911-BCB8-4193-B258-EE538DBE3AD0}"
EndProject
Global
	GlobalSection(SolutionConfigurationPlatforms) = preSolution
		Debug|Any CPU = Debug|Any CPU
		Release|Any CPU = Release|Any CPU
	EndGlobalSection
	GlobalSection(ProjectConfigurationPlatforms) = postSolution
		{B33B01B9-6672-4C9A-9FF2-A7BD201D076B}.Debug|Any CPU.ActiveCfg = Debug|Any CPU
		{B33B01B9-6672-4C9A-9FF2-A7BD201D076B}.Debug|Any CPU.Build.0 = Debug|Any CPU
		{B33B01B9-6672-4C9A-9FF2-A7BD201D076B}.Release|Any CPU.ActiveCfg = Release|Any CPU
		{B33B01B9-6672-4C9A-9FF2-A7BD201D076B}.Release|Any CPU.Build.0 = Release|Any CPU
		{55AA4911-BCB8-4193-B258-EE538DBE3AD0}.Debug|Any CPU.ActiveCfg = Debug|Any CPU
		{55AA4911-BCB8-4193-B258-EE538DBE3AD0}.Debug|Any CPU.Build.0 = Debug|Any CPU
		{55AA4911-BCB8-4193-B258-EE538DBE3AD0}.Release|Any CPU.ActiveCfg = Release|Any CPU
		{55AA4911-BCB8-4193-B258-EE538DBE3AD0}.Release|Any CPU.Build.0 = Release|Any CPU
	EndGlobalSection
	GlobalSection(SolutionProperties) = preSolution
		HideSolutionNode = FALSE
	EndGlobalSection
	GlobalSection(ExtensibilityGlobals) = postSolution
		SolutionGuid = {6D549743-60EE-4745-B861-4A91FCF5CA89}
	EndGlobalSection
EndGlobal
